
Microsoft Visual Studio Solution File, Format Version 12.00
Project("{FAE04EC0-301F-11D3-BF4B-00C04F79EFBC}") = "calc", "calc\calc.csproj", "{A0995772-2E71-4797-B019-4EAE7C35C9C0}"
EndProject
Global
	GlobalSection(SolutionConfigurationPlatforms) = preSolution
		Debug|Any CPU = Debug|Any CPU
		Release|Any CPU = Release|Any CPU
	EndGlobalSection
	GlobalSection(ProjectConfigurationPlatforms) = postSolution
		{A0995772-2E71-4797-B019-4EAE7C35C9C0}.Debug|Any CPU.ActiveCfg = Debug|Any CPU
		{A0995772-2E71-4797-B019-4EAE7C35C9C0}.Debug|Any CPU.Build.0 = Debug|Any CPU
		{A0995772-2E71-4797-B019-4EAE7C35C9C0}.Release|Any CPU.ActiveCfg = Release|Any CPU
		{A0995772-2E71-4797-B019-4EAE7C35C9C0}.Release|Any CPU.Build.0 = Release|Any CPU
	EndGlobalSection
EndGlobal
